Microsoft Visual Studio Solution File, Format Version 12.00
# Visual Studio Version 17
VisualStudioVersion = 17.2.32210.308
MinimumVisualStudioVersion = 15.0.26124.0
Project("{9A19103F-16F7-4668-BE54-9A1E7A4F7556}") = "Leagueoflegends", "Leagueoflegends\Leagueoflegends.csproj", "{DCD1E2A6-259F-4F1E-9883-AE2CB78AF021}"
EndProject
Project("{2150E333-8FDC-42A3-9474-1A3956D46DE8}") = "Solution Items", "Solution Items", "{BADA71DC-7FFD-4EDC-9F28-FB74AEADC713}"
	ProjectSection(SolutionItems) = preProject
		.editorconfig = .editorconfig
		.gitignore = .gitignore
		.vsconfig = .vsconfig
		Directory.Build.props = Directory.Build.props
		Directory.Build.targets = Directory.Build.targets
		Directory.Packages.props = Directory.Packages.props
		global.json = global.json
	EndProjectSection
EndProject
Project("{9A19103F-16F7-4668-BE54-9A1E7A4F7556}") = "Leagueoflegends.Support", "Leagueoflegends.Support\Leagueoflegends.Support.csproj", "{7667BAE8-2C68-4F86-9776-11BDF43E2039}"
EndProject
Project("{9A19103F-16F7-4668-BE54-9A1E7A4F7556}") = "Leagueoflegends.Main", "Leagueoflegends.Main\Leagueoflegends.Main.csproj", "{AA3DAE3F-C567-4DEE-B0A7-36D7438C2BB2}"
EndProject
Project("{2150E333-8FDC-42A3-9474-1A3956D46DE8}") = "Foundation", "Foundation", "{059407E5-19D6-4B85-B48D-151FF5716316}"
EndProject
Project("{2150E333-8FDC-42A3-9474-1A3956D46DE8}") = "Partial", "Partial", "{547CCA87-8308-4E22-B072-9624D7322C1F}"
EndProject
Project("{2150E333-8FDC-42A3-9474-1A3956D46DE8}") = "Based", "Based", "{E284FFB4-6E68-412E-8C74-3D5DA09C633C}"
EndProject
Project("{2150E333-8FDC-42A3-9474-1A3956D46DE8}") = "Apps (Uno)", "Apps (Uno)", "{06321A6E-FD37-4895-A584-D53B874445F9}"
EndProject
Project("{9A19103F-16F7-4668-BE54-9A1E7A4F7556}") = "Jamesnet.Core", "Jamesnet.Core\Jamesnet.Core.csproj", "{3A697B1F-F682-4CB9-BEA3-CFD96494D453}"
EndProject
Project("{9A19103F-16F7-4668-BE54-9A1E7A4F7556}") = "Jamesnet.Uno", "Jamesnet.Uno\Jamesnet.Uno.csproj", "{BA3570AC-87DC-413D-B09B-458905EAE34A}"
EndProject
Project("{9A19103F-16F7-4668-BE54-9A1E7A4F7556}") = "Leagueoflegends.Social", "Leagueoflegends.Social\Leagueoflegends.Social.csproj", "{8D1FC5A6-510D-41FC-94BA-301A9DBC8DE5}"
EndProject
Project("{9A19103F-16F7-4668-BE54-9A1E7A4F7556}") = "Leagueoflegends.Tft", "Leagueoflegends.Tft\Leagueoflegends.Tft.csproj", "{B79ACA10-E6DC-4EC3-BE9F-63E6BC4EB427}"
EndProject
Project("{9A19103F-16F7-4668-BE54-9A1E7A4F7556}") = "Leagueoflegends.Home", "Leagueoflegends.Home\Leagueoflegends.Home.csproj", "{8FE75D98-6FB6-4743-81A5-EFCC2B7F9217}"
EndProject
Project("{9A19103F-16F7-4668-BE54-9A1E7A4F7556}") = "Leagueoflegends.Navigate", "Leagueoflegends.Navigate\Leagueoflegends.Navigate.csproj", "{5A728235-30EB-489E-9A90-8FD5525E5CC5}"
EndProject
Project("{9A19103F-16F7-4668-BE54-9A1E7A4F7556}") = "Leagueoflegends.Collection", "Leagueoflegends.Collection\Leagueoflegends.Collection.csproj", "{61888B99-19EC-41C1-AF26-B255C9A970DE}"
EndProject
Project("{FAE04EC0-301F-11D3-BF4B-00C04F79EFBC}") = "Leagueoflegends.Shop", "Leagueoflegends.Shop\Leagueoflegends.Shop.csproj", "{D28F5D06-13D6-404A-8509-C7FAC72135D4}"
EndProject
Global
	GlobalSection(SolutionConfigurationPlatforms) = preSolution
		Debug|Any CPU = Debug|Any CPU
		Debug|ARM = Debug|ARM
		Debug|ARM64 = Debug|ARM64
		Debug|iPhone = Debug|iPhone
		Debug|iPhoneSimulator = Debug|iPhoneSimulator
		Debug|x64 = Debug|x64
		Debug|x86 = Debug|x86
		Release|Any CPU = Release|Any CPU
		Release|ARM = Release|ARM
		Release|ARM64 = Release|ARM64
		Release|iPhone = Release|iPhone
		Release|iPhoneSimulator = Release|iPhoneSimulator
		Release|x64 = Release|x64
		Release|x86 = Release|x86
	EndGlobalSection
	GlobalSection(ProjectConfigurationPlatforms) = postSolution
		{DCD1E2A6-259F-4F1E-9883-AE2CB78AF021}.Debug|Any CPU.ActiveCfg = Debug|Any CPU
		{DCD1E2A6-259F-4F1E-9883-AE2CB78AF021}.Debug|Any CPU.Build.0 = Debug|Any CPU
		{DCD1E2A6-259F-4F1E-9883-AE2CB78AF021}.Debug|Any CPU.Deploy.0 = Debug|Any CPU
		{DCD1E2A6-259F-4F1E-9883-AE2CB78AF021}.Debug|ARM.ActiveCfg = Debug|Any CPU
		{DCD1E2A6-259F-4F1E-9883-AE2CB78AF021}.Debug|ARM.Build.0 = Debug|Any CPU
		{DCD1E2A6-259F-4F1E-9883-AE2CB78AF021}.Debug|ARM.Deploy.0 = Debug|Any CPU
		{DCD1E2A6-259F-4F1E-9883-AE2CB78AF021}.Debug|ARM64.ActiveCfg = Debug|Any CPU
		{DCD1E2A6-259F-4F1E-9883-AE2CB78AF021}.Debug|ARM64.Build.0 = Debug|Any CPU
		{DCD1E2A6-259F-4F1E-9883-AE2CB78AF021}.Debug|ARM64.Deploy.0 = Debug|Any CPU
		{DCD1E2A6-259F-4F1E-9883-AE2CB78AF021}.Debug|iPhone.ActiveCfg = Debug|Any CPU
		{DCD1E2A6-259F-4F1E-9883-AE2CB78AF021}.Debug|iPhone.Build.0 = Debug|Any CPU
		{DCD1E2A6-259F-4F1E-9883-AE2CB78AF021}.Debug|iPhone.Deploy.0 = Debug|Any CPU
		{DCD1E2A6-259F-4F1E-9883-AE2CB78AF021}.Debug|iPhoneSimulator.ActiveCfg = Debug|Any CPU
		{DCD1E2A6-259F-4F1E-9883-AE2CB78AF021}.Debug|iPhoneSimulator.Build.0 = Debug|Any CPU
		{DCD1E2A6-259F-4F1E-9883-AE2CB78AF021}.Debug|iPhoneSimulator.Deploy.0 = Debug|Any CPU
		{DCD1E2A6-259F-4F1E-9883-AE2CB78AF021}.Debug|x64.ActiveCfg = Debug|Any CPU
		{DCD1E2A6-259F-4F1E-9883-AE2CB78AF021}.Debug|x64.Build.0 = Debug|Any CPU
		{DCD1E2A6-259F-4F1E-9883-AE2CB78AF021}.Debug|x64.Deploy.0 = Debug|Any CPU
		{DCD1E2A6-259F-4F1E-9883-AE2CB78AF021}.Debug|x86.ActiveCfg = Debug|Any CPU
		{DCD1E2A6-259F-4F1E-9883-AE2CB78AF021}.Debug|x86.Build.0 = Debug|Any CPU
		{DCD1E2A6-259F-4F1E-9883-AE2CB78AF021}.Debug|x86.Deploy.0 = Debug|Any CPU
		{DCD1E2A6-259F-4F1E-9883-AE2CB78AF021}.Release|Any CPU.ActiveCfg = Release|Any CPU
		{DCD1E2A6-259F-4F1E-9883-AE2CB78AF021}.Release|Any CPU.Build.0 = Release|Any CPU
		{DCD1E2A6-259F-4F1E-9883-AE2CB78AF021}.Release|Any CPU.Deploy.0 = Release|Any CPU
		{DCD1E2A6-259F-4F1E-9883-AE2CB78AF021}.Release|ARM.ActiveCfg = Release|Any CPU
		{DCD1E2A6-259F-4F1E-9883-AE2CB78AF021}.Release|ARM.Build.0 = Release|Any CPU
		{DCD1E2A6-259F-4F1E-9883-AE2CB78AF021}.Release|ARM.Deploy.0 = Release|Any CPU
		{DCD1E2A6-259F-4F1E-9883-AE2CB78AF021}.Release|ARM64.ActiveCfg = Release|Any CPU
		{DCD1E2A6-259F-4F1E-9883-AE2CB78AF021}.Release|ARM64.Build.0 = Release|Any CPU
		{DCD1E2A6-259F-4F1E-9883-AE2CB78AF021}.Release|ARM64.Deploy.0 = Release|Any CPU
		{DCD1E2A6-259F-4F1E-9883-AE2CB78AF021}.Release|iPhone.ActiveCfg = Release|Any CPU
		{DCD1E2A6-259F-4F1E-9883-AE2CB78AF021}.Release|iPhone.Build.0 = Release|Any CPU
		{DCD1E2A6-259F-4F1E-9883-AE2CB78AF021}.Release|iPhone.Deploy.0 = Release|Any CPU
		{DCD1E2A6-259F-4F1E-9883-AE2CB78AF021}.Release|iPhoneSimulator.ActiveCfg = Release|Any CPU
		{DCD1E2A6-259F-4F1E-9883-AE2CB78AF021}.Release|iPhoneSimulator.Build.0 = Release|Any CPU
		{DCD1E2A6-259F-4F1E-9883-AE2CB78AF021}.Release|iPhoneSimulator.Deploy.0 = Release|Any CPU
		{DCD1E2A6-259F-4F1E-9883-AE2CB78AF021}.Release|x64.ActiveCfg = Release|Any CPU
		{DCD1E2A6-259F-4F1E-9883-AE2CB78AF021}.Release|x64.Build.0 = Release|Any CPU
		{DCD1E2A6-259F-4F1E-9883-AE2CB78AF021}.Release|x64.Deploy.0 = Release|Any CPU
		{DCD1E2A6-259F-4F1E-9883-AE2CB78AF021}.Release|x86.ActiveCfg = Release|Any CPU
		{DCD1E2A6-259F-4F1E-9883-AE2CB78AF021}.Release|x86.Build.0 = Release|Any CPU
		{DCD1E2A6-259F-4F1E-9883-AE2CB78AF021}.Release|x86.Deploy.0 = Release|Any CPU
		{7667BAE8-2C68-4F86-9776-11BDF43E2039}.Debug|Any CPU.ActiveCfg = Debug|Any CPU
		{7667BAE8-2C68-4F86-9776-11BDF43E2039}.Debug|Any CPU.Build.0 = Debug|Any CPU
		{7667BAE8-2C68-4F86-9776-11BDF43E2039}.Debug|ARM.ActiveCfg = Debug|Any CPU
		{7667BAE8-2C68-4F86-9776-11BDF43E2039}.Debug|ARM.Build.0 = Debug|Any CPU
		{7667BAE8-2C68-4F86-9776-11BDF43E2039}.Debug|ARM64.ActiveCfg = Debug|Any CPU
		{7667BAE8-2C68-4F86-9776-11BDF43E2039}.Debug|ARM64.Build.0 = Debug|Any CPU
		{7667BAE8-2C68-4F86-9776-11BDF43E2039}.Debug|iPhone.ActiveCfg = Debug|Any CPU
		{7667BAE8-2C68-4F86-9776-11BDF43E2039}.Debug|iPhone.Build.0 = Debug|Any CPU
		{7667BAE8-2C68-4F86-9776-11BDF43E2039}.Debug|iPhoneSimulator.ActiveCfg = Debug|Any CPU
		{7667BAE8-2C68-4F86-9776-11BDF43E2039}.Debug|iPhoneSimulator.Build.0 = Debug|Any CPU
		{7667BAE8-2C68-4F86-9776-11BDF43E2039}.Debug|x64.ActiveCfg = Debug|Any CPU
		{7667BAE8-2C68-4F86-9776-11BDF43E2039}.Debug|x64.Build.0 = Debug|Any CPU
		{7667BAE8-2C68-4F86-9776-11BDF43E2039}.Debug|x86.ActiveCfg = Debug|Any CPU
		{7667BAE8-2C68-4F86-9776-11BDF43E2039}.Debug|x86.Build.0 = Debug|Any CPU
		{7667BAE8-2C68-4F86-9776-11BDF43E2039}.Release|Any CPU.ActiveCfg = Release|Any CPU
		{7667BAE8-2C68-4F86-9776-11BDF43E2039}.Release|Any CPU.Build.0 = Release|Any CPU
		{7667BAE8-2C68-4F86-9776-11BDF43E2039}.Release|ARM.ActiveCfg = Release|Any CPU
		{7667BAE8-2C68-4F86-9776-11BDF43E2039}.Release|ARM.Build.0 = Release|Any CPU
		{7667BAE8-2C68-4F86-9776-11BDF43E2039}.Release|ARM64.ActiveCfg = Release|Any CPU
		{7667BAE8-2C68-4F86-9776-11BDF43E2039}.Release|ARM64.Build.0 = Release|Any CPU
		{7667BAE8-2C68-4F86-9776-11BDF43E2039}.Release|iPhone.ActiveCfg = Release|Any CPU
		{7667BAE8-2C68-4F86-9776-11BDF43E2039}.Release|iPhone.Build.0 = Release|Any CPU
		{7667BAE8-2C68-4F86-9776-11BDF43E2039}.Release|iPhoneSimulator.ActiveCfg = Release|Any CPU
		{7667BAE8-2C68-4F86-9776-11BDF43E2039}.Release|iPhoneSimulator.Build.0 = Release|Any CPU
		{7667BAE8-2C68-4F86-9776-11BDF43E2039}.Release|x64.ActiveCfg = Release|Any CPU
		{7667BAE8-2C68-4F86-9776-11BDF43E2039}.Release|x64.Build.0 = Release|Any CPU
		{7667BAE8-2C68-4F86-9776-11BDF43E2039}.Release|x86.ActiveCfg = Release|Any CPU
		{7667BAE8-2C68-4F86-9776-11BDF43E2039}.Release|x86.Build.0 = Release|Any CPU
		{AA3DAE3F-C567-4DEE-B0A7-36D7438C2BB2}.Debug|Any CPU.ActiveCfg = Debug|Any CPU
		{AA3DAE3F-C567-4DEE-B0A7-36D7438C2BB2}.Debug|Any CPU.Build.0 = Debug|Any CPU
		{AA3DAE3F-C567-4DEE-B0A7-36D7438C2BB2}.Debug|ARM.ActiveCfg = Debug|Any CPU
		{AA3DAE3F-C567-4DEE-B0A7-36D7438C2BB2}.Debug|ARM.Build.0 = Debug|Any CPU
		{AA3DAE3F-C567-4DEE-B0A7-36D7438C2BB2}.Debug|ARM64.ActiveCfg = Debug|Any CPU
		{AA3DAE3F-C567-4DEE-B0A7-36D7438C2BB2}.Debug|ARM64.Build.0 = Debug|Any CPU
		{AA3DAE3F-C567-4DEE-B0A7-36D7438C2BB2}.Debug|iPhone.ActiveCfg = Debug|Any CPU
		{AA3DAE3F-C567-4DEE-B0A7-36D7438C2BB2}.Debug|iPhone.Build.0 = Debug|Any CPU
		{AA3DAE3F-C567-4DEE-B0A7-36D7438C2BB2}.Debug|iPhoneSimulator.ActiveCfg = Debug|Any CPU
		{AA3DAE3F-C567-4DEE-B0A7-36D7438C2BB2}.Debug|iPhoneSimulator.Build.0 = Debug|Any CPU
		{AA3DAE3F-C567-4DEE-B0A7-36D7438C2BB2}.Debug|x64.ActiveCfg = Debug|Any CPU
		{AA3DAE3F-C567-4DEE-B0A7-36D7438C2BB2}.Debug|x64.Build.0 = Debug|Any CPU
		{AA3DAE3F-C567-4DEE-B0A7-36D7438C2BB2}.Debug|x86.ActiveCfg = Debug|Any CPU
		{AA3DAE3F-C567-4DEE-B0A7-36D7438C2BB2}.Debug|x86.Build.0 = Debug|Any CPU
		{AA3DAE3F-C567-4DEE-B0A7-36D7438C2BB2}.Release|Any CPU.ActiveCfg = Release|Any CPU
		{AA3DAE3F-C567-4DEE-B0A7-36D7438C2BB2}.Release|Any CPU.Build.0 = Release|Any CPU
		{AA3DAE3F-C567-4DEE-B0A7-36D7438C2BB2}.Release|ARM.ActiveCfg = Release|Any CPU
		{AA3DAE3F-C567-4DEE-B0A7-36D7438C2BB2}.Release|ARM.Build.0 = Release|Any CPU
		{AA3DAE3F-C567-4DEE-B0A7-36D7438C2BB2}.Release|ARM64.ActiveCfg = Release|Any CPU
		{AA3DAE3F-C567-4DEE-B0A7-36D7438C2BB2}.Release|ARM64.Build.0 = Release|Any CPU
		{AA3DAE3F-C567-4DEE-B0A7-36D7438C2BB2}.Release|iPhone.ActiveCfg = Release|Any CPU
		{AA3DAE3F-C567-4DEE-B0A7-36D7438C2BB2}.Release|iPhone.Build.0 = Release|Any CPU
		{AA3DAE3F-C567-4DEE-B0A7-36D7438C2BB2}.Release|iPhoneSimulator.ActiveCfg = Release|Any CPU
		{AA3DAE3F-C567-4DEE-B0A7-36D7438C2BB2}.Release|iPhoneSimulator.Build.0 = Release|Any CPU
		{AA3DAE3F-C567-4DEE-B0A7-36D7438C2BB2}.Release|x64.ActiveCfg = Release|Any CPU
		{AA3DAE3F-C567-4DEE-B0A7-36D7438C2BB2}.Release|x64.Build.0 = Release|Any CPU
		{AA3DAE3F-C567-4DEE-B0A7-36D7438C2BB2}.Release|x86.ActiveCfg = Release|Any CPU
		{AA3DAE3F-C567-4DEE-B0A7-36D7438C2BB2}.Release|x86.Build.0 = Release|Any CPU
		{3A697B1F-F682-4CB9-BEA3-CFD96494D453}.Debug|Any CPU.ActiveCfg = Debug|Any CPU
		{3A697B1F-F682-4CB9-BEA3-CFD96494D453}.Debug|Any CPU.Build.0 = Debug|Any CPU
		{3A697B1F-F682-4CB9-BEA3-CFD96494D453}.Debug|ARM.ActiveCfg = Debug|Any CPU
		{3A697B1F-F682-4CB9-BEA3-CFD96494D453}.Debug|ARM.Build.0 = Debug|Any CPU
		{3A697B1F-F682-4CB9-BEA3-CFD96494D453}.Debug|ARM64.ActiveCfg = Debug|Any CPU
		{3A697B1F-F682-4CB9-BEA3-CFD96494D453}.Debug|ARM64.Build.0 = Debug|Any CPU
		{3A697B1F-F682-4CB9-BEA3-CFD96494D453}.Debug|iPhone.ActiveCfg = Debug|Any CPU
		{3A697B1F-F682-4CB9-BEA3-CFD96494D453}.Debug|iPhone.Build.0 = Debug|Any CPU
		{3A697B1F-F682-4CB9-BEA3-CFD96494D453}.Debug|iPhoneSimulator.ActiveCfg = Debug|Any CPU
		{3A697B1F-F682-4CB9-BEA3-CFD96494D453}.Debug|iPhoneSimulator.Build.0 = Debug|Any CPU
		{3A697B1F-F682-4CB9-BEA3-CFD96494D453}.Debug|x64.ActiveCfg = Debug|Any CPU
		{3A697B1F-F682-4CB9-BEA3-CFD96494D453}.Debug|x64.Build.0 = Debug|Any CPU
		{3A697B1F-F682-4CB9-BEA3-CFD96494D453}.Debug|x86.ActiveCfg = Debug|Any CPU
		{3A697B1F-F682-4CB9-BEA3-CFD96494D453}.Debug|x86.Build.0 = Debug|Any CPU
		{3A697B1F-F682-4CB9-BEA3-CFD96494D453}.Release|Any CPU.ActiveCfg = Release|Any CPU
		{3A697B1F-F682-4CB9-BEA3-CFD96494D453}.Release|Any CPU.Build.0 = Release|Any CPU
		{3A697B1F-F682-4CB9-BEA3-CFD96494D453}.Release|ARM.ActiveCfg = Release|Any CPU
		{3A697B1F-F682-4CB9-BEA3-CFD96494D453}.Release|ARM.Build.0 = Release|Any CPU
		{3A697B1F-F682-4CB9-BEA3-CFD96494D453}.Release|ARM64.ActiveCfg = Release|Any CPU
		{3A697B1F-F682-4CB9-BEA3-CFD96494D453}.Release|ARM64.Build.0 = Release|Any CPU
		{3A697B1F-F682-4CB9-BEA3-CFD96494D453}.Release|iPhone.ActiveCfg = Release|Any CPU
		{3A697B1F-F682-4CB9-BEA3-CFD96494D453}.Release|iPhone.Build.0 = Release|Any CPU
		{3A697B1F-F682-4CB9-BEA3-CFD96494D453}.Release|iPhoneSimulator.ActiveCfg = Release|Any CPU
		{3A697B1F-F682-4CB9-BEA3-CFD96494D453}.Release|iPhoneSimulator.Build.0 = Release|Any CPU
		{3A697B1F-F682-4CB9-BEA3-CFD96494D453}.Release|x64.ActiveCfg = Release|Any CPU
		{3A697B1F-F682-4CB9-BEA3-CFD96494D453}.Release|x64.Build.0 = Release|Any CPU
		{3A697B1F-F682-4CB9-BEA3-CFD96494D453}.Release|x86.ActiveCfg = Release|Any CPU
		{3A697B1F-F682-4CB9-BEA3-CFD96494D453}.Release|x86.Build.0 = Release|Any CPU
		{BA3570AC-87DC-413D-B09B-458905EAE34A}.Debug|Any CPU.ActiveCfg = Debug|Any CPU
		{BA3570AC-87DC-413D-B09B-458905EAE34A}.Debug|Any CPU.Build.0 = Debug|Any CPU
		{BA3570AC-87DC-413D-B09B-458905EAE34A}.Debug|ARM.ActiveCfg = Debug|Any CPU
		{BA3570AC-87DC-413D-B09B-458905EAE34A}.Debug|ARM.Build.0 = Debug|Any CPU
		{BA3570AC-87DC-413D-B09B-458905EAE34A}.Debug|ARM64.ActiveCfg = Debug|Any CPU
		{BA3570AC-87DC-413D-B09B-458905EAE34A}.Debug|ARM64.Build.0 = Debug|Any CPU
		{BA3570AC-87DC-413D-B09B-458905EAE34A}.Debug|iPhone.ActiveCfg = Debug|Any CPU
		{BA3570AC-87DC-413D-B09B-458905EAE34A}.Debug|iPhone.Build.0 = Debug|Any CPU
		{BA3570AC-87DC-413D-B09B-458905EAE34A}.Debug|iPhoneSimulator.ActiveCfg = Debug|Any CPU
		{BA3570AC-87DC-413D-B09B-458905EAE34A}.Debug|iPhoneSimulator.Build.0 = Debug|Any CPU
		{BA3570AC-87DC-413D-B09B-458905EAE34A}.Debug|x64.ActiveCfg = Debug|Any CPU
		{BA3570AC-87DC-413D-B09B-458905EAE34A}.Debug|x64.Build.0 = Debug|Any CPU
		{BA3570AC-87DC-413D-B09B-458905EAE34A}.Debug|x86.ActiveCfg = Debug|Any CPU
		{BA3570AC-87DC-413D-B09B-458905EAE34A}.Debug|x86.Build.0 = Debug|Any CPU
		{BA3570AC-87DC-413D-B09B-458905EAE34A}.Release|Any CPU.ActiveCfg = Release|Any CPU
		{BA3570AC-87DC-413D-B09B-458905EAE34A}.Release|Any CPU.Build.0 = Release|Any CPU
		{BA3570AC-87DC-413D-B09B-458905EAE34A}.Release|ARM.ActiveCfg = Release|Any CPU
		{BA3570AC-87DC-413D-B09B-458905EAE34A}.Release|ARM.Build.0 = Release|Any CPU
		{BA3570AC-87DC-413D-B09B-458905EAE34A}.Release|ARM64.ActiveCfg = Release|Any CPU
		{BA3570AC-87DC-413D-B09B-458905EAE34A}.Release|ARM64.Build.0 = Release|Any CPU
		{BA3570AC-87DC-413D-B09B-458905EAE34A}.Release|iPhone.ActiveCfg = Release|Any CPU
		{BA3570AC-87DC-413D-B09B-458905EAE34A}.Release|iPhone.Build.0 = Release|Any CPU
		{BA3570AC-87DC-413D-B09B-458905EAE34A}.Release|iPhoneSimulator.ActiveCfg = Release|Any CPU
		{BA3570AC-87DC-413D-B09B-458905EAE34A}.Release|iPhoneSimulator.Build.0 = Release|Any CPU
		{BA3570AC-87DC-413D-B09B-458905EAE34A}.Release|x64.ActiveCfg = Release|Any CPU
		{BA3570AC-87DC-413D-B09B-458905EAE34A}.Release|x64.Build.0 = Release|Any CPU
		{BA3570AC-87DC-413D-B09B-458905EAE34A}.Release|x86.ActiveCfg = Release|Any CPU
		{BA3570AC-87DC-413D-B09B-458905EAE34A}.Release|x86.Build.0 = Release|Any CPU
		{8D1FC5A6-510D-41FC-94BA-301A9DBC8DE5}.Debug|Any CPU.ActiveCfg = Debug|Any CPU
		{8D1FC5A6-510D-41FC-94BA-301A9DBC8DE5}.Debug|Any CPU.Build.0 = Debug|Any CPU
		{8D1FC5A6-510D-41FC-94BA-301A9DBC8DE5}.Debug|ARM.ActiveCfg = Debug|Any CPU
		{8D1FC5A6-510D-41FC-94BA-301A9DBC8DE5}.Debug|ARM.Build.0 = Debug|Any CPU
		{8D1FC5A6-510D-41FC-94BA-301A9DBC8DE5}.Debug|ARM64.ActiveCfg = Debug|Any CPU
		{8D1FC5A6-510D-41FC-94BA-301A9DBC8DE5}.Debug|ARM64.Build.0 = Debug|Any CPU
		{8D1FC5A6-510D-41FC-94BA-301A9DBC8DE5}.Debug|iPhone.ActiveCfg = Debug|Any CPU
		{8D1FC5A6-510D-41FC-94BA-301A9DBC8DE5}.Debug|iPhone.Build.0 = Debug|Any CPU
		{8D1FC5A6-510D-41FC-94BA-301A9DBC8DE5}.Debug|iPhoneSimulator.ActiveCfg = Debug|Any CPU
		{8D1FC5A6-510D-41FC-94BA-301A9DBC8DE5}.Debug|iPhoneSimulator.Build.0 = Debug|Any CPU
		{8D1FC5A6-510D-41FC-94BA-301A9DBC8DE5}.Debug|x64.ActiveCfg = Debug|Any CPU
		{8D1FC5A6-510D-41FC-94BA-301A9DBC8DE5}.Debug|x64.Build.0 = Debug|Any CPU
		{8D1FC5A6-510D-41FC-94BA-301A9DBC8DE5}.Debug|x86.ActiveCfg = Debug|Any CPU
		{8D1FC5A6-510D-41FC-94BA-301A9DBC8DE5}.Debug|x86.Build.0 = Debug|Any CPU
		{8D1FC5A6-510D-41FC-94BA-301A9DBC8DE5}.Release|Any CPU.ActiveCfg = Release|Any CPU
		{8D1FC5A6-510D-41FC-94BA-301A9DBC8DE5}.Release|Any CPU.Build.0 = Release|Any CPU
		{8D1FC5A6-510D-41FC-94BA-301A9DBC8DE5}.Release|ARM.ActiveCfg = Release|Any CPU
		{8D1FC5A6-510D-41FC-94BA-301A9DBC8DE5}.Release|ARM.Build.0 = Release|Any CPU
		{8D1FC5A6-510D-41FC-94BA-301A9DBC8DE5}.Release|ARM64.ActiveCfg = Release|Any CPU
		{8D1FC5A6-510D-41FC-94BA-301A9DBC8DE5}.Release|ARM64.Build.0 = Release|Any CPU
		{8D1FC5A6-510D-41FC-94BA-301A9DBC8DE5}.Release|iPhone.ActiveCfg = Release|Any CPU
		{8D1FC5A6-510D-41FC-94BA-301A9DBC8DE5}.Release|iPhone.Build.0 = Release|Any CPU
		{8D1FC5A6-510D-41FC-94BA-301A9DBC8DE5}.Release|iPhoneSimulator.ActiveCfg = Release|Any CPU
		{8D1FC5A6-510D-41FC-94BA-301A9DBC8DE5}.Release|iPhoneSimulator.Build.0 = Release|Any CPU
		{8D1FC5A6-510D-41FC-94BA-301A9DBC8DE5}.Release|x64.ActiveCfg = Release|Any CPU
		{8D1FC5A6-510D-41FC-94BA-301A9DBC8DE5}.Release|x64.Build.0 = Release|Any CPU
		{8D1FC5A6-510D-41FC-94BA-301A9DBC8DE5}.Release|x86.ActiveCfg = Release|Any CPU
		{8D1FC5A6-510D-41FC-94BA-301A9DBC8DE5}.Release|x86.Build.0 = Release|Any CPU
		{B79ACA10-E6DC-4EC3-BE9F-63E6BC4EB427}.Debug|Any CPU.ActiveCfg = Debug|Any CPU
		{B79ACA10-E6DC-4EC3-BE9F-63E6BC4EB427}.Debug|Any CPU.Build.0 = Debug|Any CPU
		{B79ACA10-E6DC-4EC3-BE9F-63E6BC4EB427}.Debug|ARM.ActiveCfg = Debug|Any CPU
		{B79ACA10-E6DC-4EC3-BE9F-63E6BC4EB427}.Debug|ARM.Build.0 = Debug|Any CPU
		{B79ACA10-E6DC-4EC3-BE9F-63E6BC4EB427}.Debug|ARM64.ActiveCfg = Debug|Any CPU
		{B79ACA10-E6DC-4EC3-BE9F-63E6BC4EB427}.Debug|ARM64.Build.0 = Debug|Any CPU
		{B79ACA10-E6DC-4EC3-BE9F-63E6BC4EB427}.Debug|iPhone.ActiveCfg = Debug|Any CPU
		{B79ACA10-E6DC-4EC3-BE9F-63E6BC4EB427}.Debug|iPhone.Build.0 = Debug|Any CPU
		{B79ACA10-E6DC-4EC3-BE9F-63E6BC4EB427}.Debug|iPhoneSimulator.ActiveCfg = Debug|Any CPU
		{B79ACA10-E6DC-4EC3-BE9F-63E6BC4EB427}.Debug|iPhoneSimulator.Build.0 = Debug|Any CPU
		{B79ACA10-E6DC-4EC3-BE9F-63E6BC4EB427}.Debug|x64.ActiveCfg = Debug|Any CPU
		{B79ACA10-E6DC-4EC3-BE9F-63E6BC4EB427}.Debug|x64.Build.0 = Debug|Any CPU
		{B79ACA10-E6DC-4EC3-BE9F-63E6BC4EB427}.Debug|x86.ActiveCfg = Debug|Any CPU
		{B79ACA10-E6DC-4EC3-BE9F-63E6BC4EB427}.Debug|x86.Build.0 = Debug|Any CPU
		{B79ACA10-E6DC-4EC3-BE9F-63E6BC4EB427}.Release|Any CPU.ActiveCfg = Release|Any CPU
		{B79ACA10-E6DC-4EC3-BE9F-63E6BC4EB427}.Release|Any CPU.Build.0 = Release|Any CPU
		{B79ACA10-E6DC-4EC3-BE9F-63E6BC4EB427}.Release|ARM.ActiveCfg = Release|Any CPU
		{B79ACA10-E6DC-4EC3-BE9F-63E6BC4EB427}.Release|ARM.Build.0 = Release|Any CPU
		{B79ACA10-E6DC-4EC3-BE9F-63E6BC4EB427}.Release|ARM64.ActiveCfg = Release|Any CPU
		{B79ACA10-E6DC-4EC3-BE9F-63E6BC4EB427}.Release|ARM64.Build.0 = Release|Any CPU
		{B79ACA10-E6DC-4EC3-BE9F-63E6BC4EB427}.Release|iPhone.ActiveCfg = Release|Any CPU
		{B79ACA10-E6DC-4EC3-BE9F-63E6BC4EB427}.Release|iPhone.Build.0 = Release|Any CPU
		{B79ACA10-E6DC-4EC3-BE9F-63E6BC4EB427}.Release|iPhoneSimulator.ActiveCfg = Release|Any CPU
		{B79ACA10-E6DC-4EC3-BE9F-63E6BC4EB427}.Release|iPhoneSimulator.Build.0 = Release|Any CPU
		{B79ACA10-E6DC-4EC3-BE9F-63E6BC4EB427}.Release|x64.ActiveCfg = Release|Any CPU
		{B79ACA10-E6DC-4EC3-BE9F-63E6BC4EB427}.Release|x64.Build.0 = Release|Any CPU
		{B79ACA10-E6DC-4EC3-BE9F-63E6BC4EB427}.Release|x86.ActiveCfg = Release|Any CPU
		{B79ACA10-E6DC-4EC3-BE9F-63E6BC4EB427}.Release|x86.Build.0 = Release|Any CPU
		{8FE75D98-6FB6-4743-81A5-EFCC2B7F9217}.Debug|Any CPU.ActiveCfg = Debug|Any CPU
		{8FE75D98-6FB6-4743-81A5-EFCC2B7F9217}.Debug|Any CPU.Build.0 = Debug|Any CPU
		{8FE75D98-6FB6-4743-81A5-EFCC2B7F9217}.Debug|ARM.ActiveCfg = Debug|Any CPU
		{8FE75D98-6FB6-4743-81A5-EFCC2B7F9217}.Debug|ARM.Build.0 = Debug|Any CPU
		{8FE75D98-6FB6-4743-81A5-EFCC2B7F9217}.Debug|ARM64.ActiveCfg = Debug|Any CPU
		{8FE75D98-6FB6-4743-81A5-EFCC2B7F9217}.Debug|ARM64.Build.0 = Debug|Any CPU
		{8FE75D98-6FB6-4743-81A5-EFCC2B7F9217}.Debug|iPhone.ActiveCfg = Debug|Any CPU
		{8FE75D98-6FB6-4743-81A5-EFCC2B7F9217}.Debug|iPhone.Build.0 = Debug|Any CPU
		{8FE75D98-6FB6-4743-81A5-EFCC2B7F9217}.Debug|iPhoneSimulator.ActiveCfg = Debug|Any CPU
		{8FE75D98-6FB6-4743-81A5-EFCC2B7F9217}.Debug|iPhoneSimulator.Build.0 = Debug|Any CPU
		{8FE75D98-6FB6-4743-81A5-EFCC2B7F9217}.Debug|x64.ActiveCfg = Debug|Any CPU
		{8FE75D98-6FB6-4743-81A5-EFCC2B7F9217}.Debug|x64.Build.0 = Debug|Any CPU
		{8FE75D98-6FB6-4743-81A5-EFCC2B7F9217}.Debug|x86.ActiveCfg = Debug|Any CPU
		{8FE75D98-6FB6-4743-81A5-EFCC2B7F9217}.Debug|x86.Build.0 = Debug|Any CPU
		{8FE75D98-6FB6-4743-81A5-EFCC2B7F9217}.Release|Any CPU.ActiveCfg = Release|Any CPU
		{8FE75D98-6FB6-4743-81A5-EFCC2B7F9217}.Release|Any CPU.Build.0 = Release|Any CPU
		{8FE75D98-6FB6-4743-81A5-EFCC2B7F9217}.Release|ARM.ActiveCfg = Release|Any CPU
		{8FE75D98-6FB6-4743-81A5-EFCC2B7F9217}.Release|ARM.Build.0 = Release|Any CPU
		{8FE75D98-6FB6-4743-81A5-EFCC2B7F9217}.Release|ARM64.ActiveCfg = Release|Any CPU
		{8FE75D98-6FB6-4743-81A5-EFCC2B7F9217}.Release|ARM64.Build.0 = Release|Any CPU
		{8FE75D98-6FB6-4743-81A5-EFCC2B7F9217}.Release|iPhone.ActiveCfg = Release|Any CPU
		{8FE75D98-6FB6-4743-81A5-EFCC2B7F9217}.Release|iPhone.Build.0 = Release|Any CPU
		{8FE75D98-6FB6-4743-81A5-EFCC2B7F9217}.Release|iPhoneSimulator.ActiveCfg = Release|Any CPU
		{8FE75D98-6FB6-4743-81A5-EFCC2B7F9217}.Release|iPhoneSimulator.Build.0 = Release|Any CPU
		{8FE75D98-6FB6-4743-81A5-EFCC2B7F9217}.Release|x64.ActiveCfg = Release|Any CPU
		{8FE75D98-6FB6-4743-81A5-EFCC2B7F9217}.Release|x64.Build.0 = Release|Any CPU
		{8FE75D98-6FB6-4743-81A5-EFCC2B7F9217}.Release|x86.ActiveCfg = Release|Any CPU
		{8FE75D98-6FB6-4743-81A5-EFCC2B7F9217}.Release|x86.Build.0 = Release|Any CPU
		{5A728235-30EB-489E-9A90-8FD5525E5CC5}.Debug|Any CPU.ActiveCfg = Debug|Any CPU
		{5A728235-30EB-489E-9A90-8FD5525E5CC5}.Debug|Any CPU.Build.0 = Debug|Any CPU
		{5A728235-30EB-489E-9A90-8FD5525E5CC5}.Debug|ARM.ActiveCfg = Debug|Any CPU
		{5A728235-30EB-489E-9A90-8FD5525E5CC5}.Debug|ARM.Build.0 = Debug|Any CPU
		{5A728235-30EB-489E-9A90-8FD5525E5CC5}.Debug|ARM64.ActiveCfg = Debug|Any CPU
		{5A728235-30EB-489E-9A90-8FD5525E5CC5}.Debug|ARM64.Build.0 = Debug|Any CPU
		{5A728235-30EB-489E-9A90-8FD5525E5CC5}.Debug|iPhone.ActiveCfg = Debug|Any CPU
		{5A728235-30EB-489E-9A90-8FD5525E5CC5}.Debug|iPhone.Build.0 = Debug|Any CPU
		{5A728235-30EB-489E-9A90-8FD5525E5CC5}.Debug|iPhoneSimulator.ActiveCfg = Debug|Any CPU
		{5A728235-30EB-489E-9A90-8FD5525E5CC5}.Debug|iPhoneSimulator.Build.0 = Debug|Any CPU
		{5A728235-30EB-489E-9A90-8FD5525E5CC5}.Debug|x64.ActiveCfg = Debug|Any CPU
		{5A728235-30EB-489E-9A90-8FD5525E5CC5}.Debug|x64.Build.0 = Debug|Any CPU
		{5A728235-30EB-489E-9A90-8FD5525E5CC5}.Debug|x86.ActiveCfg = Debug|Any CPU
		{5A728235-30EB-489E-9A90-8FD5525E5CC5}.Debug|x86.Build.0 = Debug|Any CPU
		{5A728235-30EB-489E-9A90-8FD5525E5CC5}.Release|Any CPU.ActiveCfg = Release|Any CPU
		{5A728235-30EB-489E-9A90-8FD5525E5CC5}.Release|Any CPU.Build.0 = Release|Any CPU
		{5A728235-30EB-489E-9A90-8FD5525E5CC5}.Release|ARM.ActiveCfg = Release|Any CPU
		{5A728235-30EB-489E-9A90-8FD5525E5CC5}.Release|ARM.Build.0 = Release|Any CPU
		{5A728235-30EB-489E-9A90-8FD5525E5CC5}.Release|ARM64.ActiveCfg = Release|Any CPU
		{5A728235-30EB-489E-9A90-8FD5525E5CC5}.Release|ARM64.Build.0 = Release|Any CPU
		{5A728235-30EB-489E-9A90-8FD5525E5CC5}.Release|iPhone.ActiveCfg = Release|Any CPU
		{5A728235-30EB-489E-9A90-8FD5525E5CC5}.Release|iPhone.Build.0 = Release|Any CPU
		{5A728235-30EB-489E-9A90-8FD5525E5CC5}.Release|iPhoneSimulator.ActiveCfg = Release|Any CPU
		{5A728235-30EB-489E-9A90-8FD5525E5CC5}.Release|iPhoneSimulator.Build.0 = Release|Any CPU
		{5A728235-30EB-489E-9A90-8FD5525E5CC5}.Release|x64.ActiveCfg = Release|Any CPU
		{5A728235-30EB-489E-9A90-8FD5525E5CC5}.Release|x64.Build.0 = Release|Any CPU
		{5A728235-30EB-489E-9A90-8FD5525E5CC5}.Release|x86.ActiveCfg = Release|Any CPU
		{5A728235-30EB-489E-9A90-8FD5525E5CC5}.Release|x86.Build.0 = Release|Any CPU
		{61888B99-19EC-41C1-AF26-B255C9A970DE}.Debug|Any CPU.ActiveCfg = Debug|Any CPU
		{61888B99-19EC-41C1-AF26-B255C9A970DE}.Debug|Any CPU.Build.0 = Debug|Any CPU
		{61888B99-19EC-41C1-AF26-B255C9A970DE}.Debug|ARM.ActiveCfg = Debug|Any CPU
		{61888B99-19EC-41C1-AF26-B255C9A970DE}.Debug|ARM.Build.0 = Debug|Any CPU
		{61888B99-19EC-41C1-AF26-B255C9A970DE}.Debug|ARM64.ActiveCfg = Debug|Any CPU
		{61888B99-19EC-41C1-AF26-B255C9A970DE}.Debug|ARM64.Build.0 = Debug|Any CPU
		{61888B99-19EC-41C1-AF26-B255C9A970DE}.Debug|iPhone.ActiveCfg = Debug|Any CPU
		{61888B99-19EC-41C1-AF26-B255C9A970DE}.Debug|iPhone.Build.0 = Debug|Any CPU
		{61888B99-19EC-41C1-AF26-B255C9A970DE}.Debug|iPhoneSimulator.ActiveCfg = Debug|Any CPU
		{61888B99-19EC-41C1-AF26-B255C9A970DE}.Debug|iPhoneSimulator.Build.0 = Debug|Any CPU
		{61888B99-19EC-41C1-AF26-B255C9A970DE}.Debug|x64.ActiveCfg = Debug|Any CPU
		{61888B99-19EC-41C1-AF26-B255C9A970DE}.Debug|x64.Build.0 = Debug|Any CPU
		{61888B99-19EC-41C1-AF26-B255C9A970DE}.Debug|x86.ActiveCfg = Debug|Any CPU
		{61888B99-19EC-41C1-AF26-B255C9A970DE}.Debug|x86.Build.0 = Debug|Any CPU
		{61888B99-19EC-41C1-AF26-B255C9A970DE}.Release|Any CPU.ActiveCfg = Release|Any CPU
		{61888B99-19EC-41C1-AF26-B255C9A970DE}.Release|Any CPU.Build.0 = Release|Any CPU
		{61888B99-19EC-41C1-AF26-B255C9A970DE}.Release|ARM.ActiveCfg = Release|Any CPU
		{61888B99-19EC-41C1-AF26-B255C9A970DE}.Release|ARM.Build.0 = Release|Any CPU
		{61888B99-19EC-41C1-AF26-B255C9A970DE}.Release|ARM64.ActiveCfg = Release|Any CPU
		{61888B99-19EC-41C1-AF26-B255C9A970DE}.Release|ARM64.Build.0 = Release|Any CPU
		{61888B99-19EC-41C1-AF26-B255C9A970DE}.Release|iPhone.ActiveCfg = Release|Any CPU
		{61888B99-19EC-41C1-AF26-B255C9A970DE}.Release|iPhone.Build.0 = Release|Any CPU
		{61888B99-19EC-41C1-AF26-B255C9A970DE}.Release|iPhoneSimulator.ActiveCfg = Release|Any CPU
		{61888B99-19EC-41C1-AF26-B255C9A970DE}.Release|iPhoneSimulator.Build.0 = Release|Any CPU
		{61888B99-19EC-41C1-AF26-B255C9A970DE}.Release|x64.ActiveCfg = Release|Any CPU
		{61888B99-19EC-41C1-AF26-B255C9A970DE}.Release|x64.Build.0 = Release|Any CPU
		{61888B99-19EC-41C1-AF26-B255C9A970DE}.Release|x86.ActiveCfg = Release|Any CPU
		{61888B99-19EC-41C1-AF26-B255C9A970DE}.Release|x86.Build.0 = Release|Any CPU
		{D28F5D06-13D6-404A-8509-C7FAC72135D4}.Debug|Any CPU.ActiveCfg = Debug|Any CPU
		{D28F5D06-13D6-404A-8509-C7FAC72135D4}.Debug|Any CPU.Build.0 = Debug|Any CPU
		{D28F5D06-13D6-404A-8509-C7FAC72135D4}.Debug|ARM.ActiveCfg = Debug|Any CPU
		{D28F5D06-13D6-404A-8509-C7FAC72135D4}.Debug|ARM.Build.0 = Debug|Any CPU
		{D28F5D06-13D6-404A-8509-C7FAC72135D4}.Debug|ARM64.ActiveCfg = Debug|Any CPU
		{D28F5D06-13D6-404A-8509-C7FAC72135D4}.Debug|ARM64.Build.0 = Debug|Any CPU
		{D28F5D06-13D6-404A-8509-C7FAC72135D4}.Debug|iPhone.ActiveCfg = Debug|Any CPU
		{D28F5D06-13D6-404A-8509-C7FAC72135D4}.Debug|iPhone.Build.0 = Debug|Any CPU
		{D28F5D06-13D6-404A-8509-C7FAC72135D4}.Debug|iPhoneSimulator.ActiveCfg = Debug|Any CPU
		{D28F5D06-13D6-404A-8509-C7FAC72135D4}.Debug|iPhoneSimulator.Build.0 = Debug|Any CPU
		{D28F5D06-13D6-404A-8509-C7FAC72135D4}.Debug|x64.ActiveCfg = Debug|Any CPU
		{D28F5D06-13D6-404A-8509-C7FAC72135D4}.Debug|x64.Build.0 = Debug|Any CPU
		{D28F5D06-13D6-404A-8509-C7FAC72135D4}.Debug|x86.ActiveCfg = Debug|Any CPU
		{D28F5D06-13D6-404A-8509-C7FAC72135D4}.Debug|x86.Build.0 = Debug|Any CPU
		{D28F5D06-13D6-404A-8509-C7FAC72135D4}.Release|Any CPU.ActiveCfg = Release|Any CPU
		{D28F5D06-13D6-404A-8509-C7FAC72135D4}.Release|Any CPU.Build.0 = Release|Any CPU
		{D28F5D06-13D6-404A-8509-C7FAC72135D4}.Release|ARM.ActiveCfg = Release|Any CPU
		{D28F5D06-13D6-404A-8509-C7FAC72135D4}.Release|ARM.Build.0 = Release|Any CPU
		{D28F5D06-13D6-404A-8509-C7FAC72135D4}.Release|ARM64.ActiveCfg = Release|Any CPU
		{D28F5D06-13D6-404A-8509-C7FAC72135D4}.Release|ARM64.Build.0 = Release|Any CPU
		{D28F5D06-13D6-404A-8509-C7FAC72135D4}.Release|iPhone.ActiveCfg = Release|Any CPU
		{D28F5D06-13D6-404A-8509-C7FAC72135D4}.Release|iPhone.Build.0 = Release|Any CPU
		{D28F5D06-13D6-404A-8509-C7FAC72135D4}.Release|iPhoneSimulator.ActiveCfg = Release|Any CPU
		{D28F5D06-13D6-404A-8509-C7FAC72135D4}.Release|iPhoneSimulator.Build.0 = Release|Any CPU
		{D28F5D06-13D6-404A-8509-C7FAC72135D4}.Release|x64.ActiveCfg = Release|Any CPU
		{D28F5D06-13D6-404A-8509-C7FAC72135D4}.Release|x64.Build.0 = Release|Any CPU
		{D28F5D06-13D6-404A-8509-C7FAC72135D4}.Release|x86.ActiveCfg = Release|Any CPU
		{D28F5D06-13D6-404A-8509-C7FAC72135D4}.Release|x86.Build.0 = Release|Any CPU
	EndGlobalSection
	GlobalSection(SolutionProperties) = preSolution
		HideSolutionNode = FALSE
	EndGlobalSection
	GlobalSection(NestedProjects) = preSolution
		{DCD1E2A6-259F-4F1E-9883-AE2CB78AF021} = {06321A6E-FD37-4895-A584-D53B874445F9}
		{7667BAE8-2C68-4F86-9776-11BDF43E2039} = {059407E5-19D6-4B85-B48D-151FF5716316}
		{AA3DAE3F-C567-4DEE-B0A7-36D7438C2BB2} = {547CCA87-8308-4E22-B072-9624D7322C1F}
		{3A697B1F-F682-4CB9-BEA3-CFD96494D453} = {E284FFB4-6E68-412E-8C74-3D5DA09C633C}
		{BA3570AC-87DC-413D-B09B-458905EAE34A} = {E284FFB4-6E68-412E-8C74-3D5DA09C633C}
		{8D1FC5A6-510D-41FC-94BA-301A9DBC8DE5} = {547CCA87-8308-4E22-B072-9624D7322C1F}
		{B79ACA10-E6DC-4EC3-BE9F-63E6BC4EB427} = {547CCA87-8308-4E22-B072-9624D7322C1F}
		{8FE75D98-6FB6-4743-81A5-EFCC2B7F9217} = {547CCA87-8308-4E22-B072-9624D7322C1F}
		{5A728235-30EB-489E-9A90-8FD5525E5CC5} = {547CCA87-8308-4E22-B072-9624D7322C1F}
		{61888B99-19EC-41C1-AF26-B255C9A970DE} = {547CCA87-8308-4E22-B072-9624D7322C1F}
		{D28F5D06-13D6-404A-8509-C7FAC72135D4} = {547CCA87-8308-4E22-B072-9624D7322C1F}
	EndGlobalSection
	GlobalSection(ExtensibilityGlobals) = postSolution
		SolutionGuid = {AD4675E0-5538-43C3-A2AE-F56C8EDFD314}
	EndGlobalSection
EndGlobal
